// !$*UTF8*$!
{
	archiveVersion = 1;
	classes = {
	};
	objectVersion = 50;
	objects = {

/* Begin PBXBuildFile section */
		15EF21DE2166FD3600E06530 /* AppDelegate.swift in Sources */ = {isa = PBXBuildFile; fileRef = 15EF21DD2166FD3600E06530 /* AppDelegate.swift */; };
		15EF21E32166FD3600E06530 /* Main.storyboard in Resources */ = {isa = PBXBuildFile; fileRef = 15EF21E12166FD3600E06530 /* Main.storyboard */; };
		15EF21E62166FD3700E06530 /* ColorSketch.xcdatamodeld in Sources */ = {isa = PBXBuildFile; fileRef = 15EF21E42166FD3700E06530 /* ColorSketch.xcdatamodeld */; };
		15EF21E82166FD3800E06530 /* Assets.xcassets in Resources */ = {isa = PBXBuildFile; fileRef = 15EF21E72166FD3800E06530 /* Assets.xcassets */; };
		15EF21EB2166FD3800E06530 /* LaunchScreen.storyboard in Resources */ = {isa = PBXBuildFile; fileRef = 15EF21E92166FD3800E06530 /* LaunchScreen.storyboard */; };
		15EF21F32167093000E06530 /* DrawViewController.swift in Sources */ = {isa = PBXBuildFile; fileRef = 15EF21F22167093000E06530 /* DrawViewController.swift */; };
		15EF21F521674A8900E06530 /* PicturesCollectionViewController.swift in Sources */ = {isa = PBXBuildFile; fileRef = 15EF21F421674A8900E06530 /* PicturesCollectionViewController.swift */; };
		15EF21F721674AE200E06530 /* PictureCollectionViewCell.swift in Sources */ = {isa = PBXBuildFile; fileRef = 15EF21F621674AE200E06530 /* PictureCollectionViewCell.swift */; };
		15EF21F92167567200E06530 /* DetailViewController.swift in Sources */ = {isa = PBXBuildFile; fileRef = 15EF21F82167567200E06530 /* DetailViewController.swift */; };
		304CA534D9BFC41DF0015D31 /* Pods_ColorSketch.framework in Frameworks */ = {isa = PBXBuildFile; fileRef = 32B5003182663073CCEC3ADE /* Pods_ColorSketch.framework */; };
/* End PBXBuildFile section */

/* Begin PBXFileReference section */
		15EF21DA2166FD3600E06530 /* ColorSketch.app */ = {isa = PBXFileReference; explicitFileType = wrapper.application; includeInIndex = 0; path = ColorSketch.app; sourceTree = BUILT_PRODUCTS_DIR; };
		15EF21DD2166FD3600E06530 /* AppDelegate.swift */ = {isa = PBXFileReference; lastKnownFileType = sourcecode.swift; path = AppDelegate.swift; sourceTree = "<group>"; };
		15EF21E22166FD3600E06530 /* Base */ = {isa = PBXFileReference; lastKnownFileType = file.storyboard; name = Base; path = Base.lproj/Main.storyboard; sourceTree = "<group>"; };
		15EF21E52166FD3700E06530 /* ColorSketch.xcdatamodel */ = {isa = PBXFileReference; lastKnownFileType = wrapper.xcdatamodel; path = ColorSketch.xcdatamodel; sourceTree = "<group>"; };
		15EF21E72166FD3800E06530 /* Assets.xcassets */ = {isa = PBXFileReference; lastKnownFileType = folder.assetcatalog; path = Assets.xcassets; sourceTree = "<group>"; };
		15EF21EA2166FD3800E06530 /* Base */ = {isa = PBXFileReference; lastKnownFileType = file.storyboard; name = Base; path = Base.lproj/LaunchScreen.storyboard; sourceTree = "<group>"; };
		15EF21EC2166FD3800E06530 /* Info.plist */ = {isa = PBXFileReference; lastKnownFileType = text.plist.xml; path = Info.plist; sourceTree = "<group>"; };
		15EF21F22167093000E06530 /* DrawViewController.swift */ = {isa = PBXFileReference; lastKnownFileType = sourcecode.swift; path = DrawViewController.swift; sourceTree = "<group>"; };
		15EF21F421674A8900E06530 /* PicturesCollectionViewController.swift */ = {isa = PBXFileReference; lastKnownFileType = sourcecode.swift; path = PicturesCollectionViewController.swift; sourceTree = "<group>"; };
		15EF21F621674AE200E06530 /* PictureCollectionViewCell.swift */ = {isa = PBXFileReference; lastKnownFileType = sourcecode.swift; path = PictureCollectionViewCell.swift; sourceTree = "<group>"; };
		15EF21F82167567200E06530 /* DetailViewController.swift */ = {isa = PBXFileReference; lastKnownFileType = sourcecode.swift; path = DetailViewController.swift; sourceTree = "<group>"; };
		32B5003182663073CCEC3ADE /* Pods_ColorSketch.framework */ = {isa = PBXFileReference; explicitFileType = wrapper.framework; includeInIndex = 0; path = Pods_ColorSketch.framework; sourceTree = BUILT_PRODUCTS_DIR; };
		D84B69934443AD80933E249C /* Pods-ColorSketch.release.xcconfig */ = {isa = PBXFileReference; includeInIndex = 1; lastKnownFileType = text.xcconfig; name = "Pods-ColorSketch.release.xcconfig"; path = "Pods/Target Support Files/Pods-ColorSketch/Pods-ColorSketch.release.xcconfig"; sourceTree = "<group>"; };
		E1206DD0C5F69721F8B81EA9 /* Pods-ColorSketch.debug.xcconfig */ = {isa = PBXFileReference; includeInIndex = 1; lastKnownFileType = text.xcconfig; name = "Pods-ColorSketch.debug.xcconfig"; path = "Pods/Target Support Files/Pods-ColorSketch/Pods-ColorSketch.debug.xcconfig"; sourceTree = "<group>"; };
/* End PBXFileReference section */

/* Begin PBXFrameworksBuildPhase section */
		15EF21D72166FD3600E06530 /* Frameworks */ = {
			isa = PBXFrameworksBuildPhase;
			buildActionMask = 2147483647;
			files = (
				304CA534D9BFC41DF0015D31 /* Pods_ColorSketch.framework in Frameworks */,
			);
			runOnlyForDeploymentPostprocessing = 0;
		};
/* End PBXFrameworksBuildPhase section */

/* Begin PBXGroup section */
		059D193379113F1671EBC271 /* Frameworks */ = {
			isa = PBXGroup;
			children = (
				32B5003182663073CCEC3ADE /* Pods_ColorSketch.framework */,
			);
			name = Frameworks;
			sourceTree = "<group>";
		};
		0D8A2F612706CCAA6E532440 /* Pods */ = {
			isa = PBXGroup;
			children = (
				E1206DD0C5F69721F8B81EA9 /* Pods-ColorSketch.debug.xcconfig */,
				D84B69934443AD80933E249C /* Pods-ColorSketch.release.xcconfig */,
			);
			name = Pods;
			sourceTree = "<group>";
		};
		15EF21D12166FD3600E06530 = {
			isa = PBXGroup;
			children = (
				15EF21DC2166FD3600E06530 /* ColorSketch */,
				15EF21DB2166FD3600E06530 /* Products */,
				0D8A2F612706CCAA6E532440 /* Pods */,
				059D193379113F1671EBC271 /* Frameworks */,
			);
			sourceTree = "<group>";
		};
		15EF21DB2166FD3600E06530 /* Products */ = {
			isa = PBXGroup;
			children = (
				15EF21DA2166FD3600E06530 /* ColorSketch.app */,
			);
			name = Products;
			sourceTree = "<group>";
		};
		15EF21DC2166FD3600E06530 /* ColorSketch */ = {
			isa = PBXGroup;
			children = (
				15EF21DD2166FD3600E06530 /* AppDelegate.swift */,
				15EF21FC21675E0600E06530 /* Controllers */,
				15EF21FB21675DF800E06530 /* Model */,
				15EF21FA21675DE900E06530 /* View */,
				15EF21E72166FD3800E06530 /* Assets.xcassets */,
				15EF21E92166FD3800E06530 /* LaunchScreen.storyboard */,
				15EF21EC2166FD3800E06530 /* Info.plist */,
			);
			path = ColorSketch;
			sourceTree = "<group>";
		};
		15EF21FA21675DE900E06530 /* View */ = {
			isa = PBXGroup;
			children = (
				15EF21E12166FD3600E06530 /* Main.storyboard */,
			);
			path = View;
			sourceTree = "<group>";
		};
		15EF21FB21675DF800E06530 /* Model */ = {
			isa = PBXGroup;
			children = (
				15EF21E42166FD3700E06530 /* ColorSketch.xcdatamodeld */,
			);
			path = Model;
			sourceTree = "<group>";
		};
		15EF21FC21675E0600E06530 /* Controllers */ = {
			isa = PBXGroup;
			children = (
				15EF21F22167093000E06530 /* DrawViewController.swift */,
				15EF21F421674A8900E06530 /* PicturesCollectionViewController.swift */,
				15EF21F82167567200E06530 /* DetailViewController.swift */,
				15EF21F621674AE200E06530 /* PictureCollectionViewCell.swift */,
			);
			path = Controllers;
			sourceTree = "<group>";
		};
/* End PBXGroup section */

/* Begin PBXNativeTarget section */
		15EF21D92166FD3600E06530 /* ColorSketch */ = {
			isa = PBXNativeTarget;
			buildConfigurationList = 15EF21EF2166FD3800E06530 /* Build configuration list for PBXNativeTarget "ColorSketch" */;
			buildPhases = (
				B80923557213760FBDEDA6FB /* [CP] Check Pods Manifest.lock */,
				15EF21D62166FD3600E06530 /* Sources */,
				15EF21D72166FD3600E06530 /* Frameworks */,
				15EF21D82166FD3600E06530 /* Resources */,
				91DABB0790D9FC37E457D4A3 /* [CP] Embed Pods Frameworks */,
			);
			buildRules = (
			);
			dependencies = (
			);
			name = ColorSketch;
			productName = ColorSketch;
			productReference = 15EF21DA2166FD3600E06530 /* ColorSketch.app */;
			productType = "com.apple.product-type.application";
		};
/* End PBXNativeTarget section */

/* Begin PBXProject section */
		15EF21D22166FD3600E06530 /* Project object */ = {
			isa = PBXProject;
			attributes = {
				LastSwiftUpdateCheck = 1000;
				LastUpgradeCheck = 1000;
				ORGANIZATIONNAME = "Duy Khac";
				TargetAttributes = {
					15EF21D92166FD3600E06530 = {
						CreatedOnToolsVersion = 10.0;
					};
				};
			};
			buildConfigurationList = 15EF21D52166FD3600E06530 /* Build configuration list for PBXProject "ColorSketch" */;
			compatibilityVersion = "Xcode 9.3";
			developmentRegion = en;
			hasScannedForEncodings = 0;
			knownRegions = (
				en,
				Base,
			);
			mainGroup = 15EF21D12166FD3600E06530;
			productRefGroup = 15EF21DB2166FD3600E06530 /* Products */;
			projectDirPath = "";
			projectRoot = "";
			targets = (
				15EF21D92166FD3600E06530 /* ColorSketch */,
			);
		};
/* End PBXProject section */

/* Begin PBXResourcesBuildPhase section */
		15EF21D82166FD3600E06530 /* Resources */ = {
			isa = PBXResourcesBuildPhase;
			buildActionMask = 2147483647;
			files = (
				15EF21EB2166FD3800E06530 /* LaunchScreen.storyboard in Resources */,
				15EF21E82166FD3800E06530 /* Assets.xcassets in Resources */,
				15EF21E32166FD3600E06530 /* Main.storyboard in Resources */,
			);
			runOnlyForDeploymentPostprocessing = 0;
		};
/* End PBXResourcesBuildPhase section */

/* Begin PBXShellScriptBuildPhase section */
		91DABB0790D9FC37E457D4A3 /* [CP] Embed Pods Frameworks */ = {
			isa = PBXShellScriptBuildPhase;
			buildActionMask = 2147483647;
			files = (
			);
			inputPaths = (
				"${SRCROOT}/Pods/Target Support Files/Pods-ColorSketch/Pods-ColorSketch-frameworks.sh",
				"${BUILT_PRODUCTS_DIR}/ChromaColorPicker/ChromaColorPicker.framework",
			);
			name = "[CP] Embed Pods Frameworks";
			outputPaths = (
				"${TARGET_BUILD_DIR}/${FRAMEWORKS_FOLDER_PATH}/ChromaColorPicker.framework",
			);
			runOnlyForDeploymentPostprocessing = 0;
			shellPath = /bin/sh;
			shellScript = "\"${SRCROOT}/Pods/Target Support Files/Pods-ColorSketch/Pods-ColorSketch-frameworks.sh\"\n";
			showEnvVarsInLog = 0;
		};
		B80923557213760FBDEDA6FB /* [CP] Check Pods Manifest.lock */ = {
			isa = PBXShellScriptBuildPhase;
			buildActionMask = 2147483647;
			files = (
			);
			inputPaths = (
				"${PODS_PODFILE_DIR_PATH}/Podfile.lock",
				"${PODS_ROOT}/Manifest.lock",
			);
			name = "[CP] Check Pods Manifest.lock";
			outputPaths = (
				"$(DERIVED_FILE_DIR)/Pods-ColorSketch-checkManifestLockResult.txt",
			);
			runOnlyForDeploymentPostprocessing = 0;
			shellPath = /bin/sh;
			shellScript = "diff \"${PODS_PODFILE_DIR_PATH}/Podfile.lock\" \"${PODS_ROOT}/Manifest.lock\" > /dev/null\nif [ $? != 0 ] ; then\n    # print error to STDERR\n    echo \"error: The sandbox is not in sync with the Podfile.lock. Run 'pod install' or update your CocoaPods installation.\" >&2\n    exit 1\nfi\n# This output is used by Xcode 'outputs' to avoid re-running this script phase.\necho \"SUCCESS\" > \"${SCRIPT_OUTPUT_FILE_0}\"\n";
			showEnvVarsInLog = 0;
		};
/* End PBXShellScriptBuildPhase section */

/* Begin PBXSourcesBuildPhase section */
		15EF21D62166FD3600E06530 /* Sources */ = {
			isa = PBXSourcesBuildPhase;
			buildActionMask = 2147483647;
			files = (
				15EF21F32167093000E06530 /* DrawViewController.swift in Sources */,
				15EF21E62166FD3700E06530 /* ColorSketch.xcdatamodeld in Sources */,
				15EF21F721674AE200E06530 /* PictureCollectionViewCell.swift in Sources */,
				15EF21F92167567200E06530 /* DetailViewController.swift in Sources */,
				15EF21DE2166FD3600E06530 /* AppDelegate.swift in Sources */,
				15EF21F521674A8900E06530 /* PicturesCollectionViewController.swift in Sources */,
			);
			runOnlyForDeploymentPostprocessing = 0;
		};
/* End PBXSourcesBuildPhase section */

/* Begin PBXVariantGroup section */
		15EF21E12166FD3600E06530 /* Main.storyboard */ = {
			isa = PBXVariantGroup;
			children = (
				15EF21E22166FD3600E06530 /* Base */,
			);
			name = Main.storyboard;
			sourceTree = "<group>";
		};
		15EF21E92166FD3800E06530 /* LaunchScreen.storyboard */ = {
			isa = PBXVariantGroup;
			children = (
				15EF21EA2166FD3800E06530 /* Base */,
			);
			name = LaunchScreen.storyboard;
			sourceTree = "<group>";
		};
/* End PBXVariantGroup section */

/* Begin XCBuildConfiguration section */
		15EF21ED2166FD3800E06530 /* Debug */ = {
			isa = XCBuildConfiguration;
			buildSettings = {
				ALWAYS_SEARCH_USER_PATHS = NO;
				CLANG_ANALYZER_NONNULL = YES;
				CLANG_ANALYZER_NUMBER_OBJECT_CONVERSION = YES_AGGRESSIVE;
				CLANG_CXX_LANGUAGE_STANDARD = "gnu++14";
				CLANG_CXX_LIBRARY = "libc++";
				CLANG_ENABLE_MODULES = YES;
				CLANG_ENABLE_OBJC_ARC = YES;
				CLANG_ENABLE_OBJC_WEAK = YES;
				CLANG_WARN_BLOCK_CAPTURE_AUTORELEASING = YES;
				CLANG_WARN_BOOL_CONVERSION = YES;
				CLANG_WARN_COMMA = YES;
				CLANG_WARN_CONSTANT_CONVERSION = YES;
				CLANG_WARN_DEPRECATED_OBJC_IMPLEMENTATIONS = YES;
				CLANG_WARN_DIRECT_OBJC_ISA_USAGE = YES_ERROR;
				CLANG_WARN_DOCUMENTATION_COMMENTS = YES;
				CLANG_WARN_EMPTY_BODY = YES;
				CLANG_WARN_ENUM_CONVERSION = YES;
				CLANG_WARN_INFINITE_RECURSION = YES;
				CLANG_WARN_INT_CONVERSION = YES;
				CLANG_WARN_NON_LITERAL_NULL_CONVERSION = YES;
				CLANG_WARN_OBJC_IMPLICIT_RETAIN_SELF = YES;
				CLANG_WARN_OBJC_LITERAL_CONVERSION = YES;
				CLANG_WARN_OBJC_ROOT_CLASS = YES_ERROR;
				CLANG_WARN_RANGE_LOOP_ANALYSIS = YES;
				CLANG_WARN_STRICT_PROTOTYPES = YES;
				CLANG_WARN_SUSPICIOUS_MOVE = YES;
				CLANG_WARN_UNGUARDED_AVAILABILITY = YES_AGGRESSIVE;
				CLANG_WARN_UNREACHABLE_CODE = YES;
				CLANG_WARN__DUPLICATE_METHOD_MATCH = YES;
				CODE_SIGN_IDENTITY = "iPhone Developer";
				COPY_PHASE_STRIP = NO;
				DEBUG_INFORMATION_FORMAT = dwarf;
				ENABLE_STRICT_OBJC_MSGSEND = YES;
				ENABLE_TESTABILITY = YES;
				GCC_C_LANGUAGE_STANDARD = gnu11;
				GCC_DYNAMIC_NO_PIC = NO;
				GCC_NO_COMMON_BLOCKS = YES;
				GCC_OPTIMIZATION_LEVEL = 0;
				GCC_PREPROCESSOR_DEFINITIONS = (
					"DEBUG=1",
					"$(inherited)",
				);
				GCC_WARN_64_TO_32_BIT_CONVERSION = YES;
				GCC_WARN_ABOUT_RETURN_TYPE = YES_ERROR;
				GCC_WARN_UNDECLARED_SELECTOR = YES;
				GCC_WARN_UNINITIALIZED_AUTOS = YES_AGGRESSIVE;
				GCC_WARN_UNUSED_FUNCTION = YES;
				GCC_WARN_UNUSED_VARIABLE = YES;
				IPHONEOS_DEPLOYMENT_TARGET = 12.0;
				MTL_ENABLE_DEBUG_INFO = INCLUDE_SOURCE;
				MTL_FAST_MATH = YES;
				ONLY_ACTIVE_ARCH = YES;
				SDKROOT = iphoneos;
				SWIFT_ACTIVE_COMPILATION_CONDITIONS = DEBUG;
				SWIFT_OPTIMIZATION_LEVEL = "-Onone";
			};
			name = Debug;
		};
		15EF21EE2166FD3800E06530 /* Release */ = {
			isa = XCBuildConfiguration;
			buildSettings = {
				ALWAYS_SEARCH_USER_PATHS = NO;
				CLANG_ANALYZER_NONNULL = YES;
				CLANG_ANALYZER_NUMBER_OBJECT_CONVERSION = YES_AGGRESSIVE;
				CLANG_CXX_LANGUAGE_STANDARD = "gnu++14";
				CLANG_CXX_LIBRARY = "libc++";
				CLANG_ENABLE_MODULES = YES;
				CLANG_ENABLE_OBJC_ARC = YES;
				CLANG_ENABLE_OBJC_WEAK = YES;
				CLANG_WARN_BLOCK_CAPTURE_AUTORELEASING = YES;
				CLANG_WARN_BOOL_CONVERSION = YES;
				CLANG_WARN_COMMA = YES;
				CLANG_WARN_CONSTANT_CONVERSION = YES;
				CLANG_WARN_DEPRECATED_OBJC_IMPLEMENTATIONS = YES;
				CLANG_WARN_DIRECT_OBJC_ISA_USAGE = YES_ERROR;
				CLANG_WARN_DOCUMENTATION_COMMENTS = YES;
				CLANG_WARN_EMPTY_BODY = YES;
				CLANG_WARN_ENUM_CONVERSION = YES;
				CLANG_WARN_INFINITE_RECURSION = YES;
				CLANG_WARN_INT_CONVERSION = YES;
				CLANG_WARN_NON_LITERAL_NULL_CONVERSION = YES;
				CLANG_WARN_OBJC_IMPLICIT_RETAIN_SELF = YES;
				CLANG_WARN_OBJC_LITERAL_CONVERSION = YES;
				CLANG_WARN_OBJC_ROOT_CLASS = YES_ERROR;
				CLANG_WARN_RANGE_LOOP_ANALYSIS = YES;
				CLANG_WARN_STRICT_PROTOTYPES = YES;
				CLANG_WARN_SUSPICIOUS_MOVE = YES;
				CLANG_WARN_UNGUARDED_AVAILABILITY = YES_AGGRESSIVE;
				CLANG_WARN_UNREACHABLE_CODE = YES;
				CLANG_WARN__DUPLICATE_METHOD_MATCH = YES;
				CODE_SIGN_IDENTITY = "iPhone Developer";
				COPY_PHASE_STRIP = NO;
				DEBUG_INFORMATION_FORMAT = "dwarf-with-dsym";
				ENABLE_NS_ASSERTIONS = NO;
				ENABLE_STRICT_OBJC_MSGSEND = YES;
				GCC_C_LANGUAGE_STANDARD = gnu11;
				GCC_NO_COMMON_BLOCKS = YES;
				GCC_WARN_64_TO_32_BIT_CONVERSION = YES;
				GCC_WARN_ABOUT_RETURN_TYPE = YES_ERROR;
				GCC_WARN_UNDECLARED_SELECTOR = YES;
				GCC_WARN_UNINITIALIZED_AUTOS = YES_AGGRESSIVE;
				GCC_WARN_UNUSED_FUNCTION = YES;
				GCC_WARN_UNUSED_VARIABLE = YES;
				IPHONEOS_DEPLOYMENT_TARGET = 12.0;
				MTL_ENABLE_DEBUG_INFO = NO;
				MTL_FAST_MATH = YES;
				SDKROOT = iphoneos;
				SWIFT_COMPILATION_MODE = wholemodule;
				SWIFT_OPTIMIZATION_LEVEL = "-O";
				VALIDATE_PRODUCT = YES;
			};
			name = Release;
		};
		15EF21F02166FD3800E06530 /* Debug */ = {
			isa = XCBuildConfiguration;
			baseConfigurationReference = E1206DD0C5F69721F8B81EA9 /* Pods-ColorSketch.debug.xcconfig */;
			buildSettings = {
				ASSETCATALOG_COMPILER_APPICON_NAME = AppIcon;
				CODE_SIGN_STYLE = Automatic;
				DEVELOPMENT_TEAM = FV3D9VKFY4;
				INFOPLIST_FILE = ColorSketch/Info.plist;
				LD_RUNPATH_SEARCH_PATHS = (
					"$(inherited)",
					"@executable_path/Frameworks",
				);
				PRODUCT_BUNDLE_IDENTIFIER = com.duykhac.ColorSketch;
				PRODUCT_NAME = "$(TARGET_NAME)";
				SWIFT_VERSION = 4.2;
				TARGETED_DEVICE_FAMILY = "1,2";
			};
			name = Debug;
		};
		15EF21F12166FD3800E06530 /* Release */ = {
			isa = XCBuildConfiguration;
			baseConfigurationReference = D84B69934443AD80933E249C /* Pods-ColorSketch.release.xcconfig */;
			buildSettings = {
				ASSETCATALOG_COMPILER_APPICON_NAME = AppIcon;
				CODE_SIGN_STYLE = Automatic;
				DEVELOPMENT_TEAM = FV3D9VKFY4;
				INFOPLIST_FILE = ColorSketch/Info.plist;
				LD_RUNPATH_SEARCH_PATHS = (
					"$(inherited)",
					"@executable_path/Frameworks",
				);
				PRODUCT_BUNDLE_IDENTIFIER = com.duykhac.ColorSketch;
				PRODUCT_NAME = "$(TARGET_NAME)";
				SWIFT_VERSION = 4.2;
				TARGETED_DEVICE_FAMILY = "1,2";
			};
			name = Release;
		};
/* End XCBuildConfiguration section */

/* Begin XCConfigurationList section */
		15EF21D52166FD3600E06530 /* Build configuration list for PBXProject "ColorSketch" */ = {
			isa = XCConfigurationList;
			buildConfigurations = (
				15EF21ED2166FD3800E06530 /* Debug */,
				15EF21EE2166FD3800E06530 /* Release */,
			);
			defaultConfigurationIsVisible = 0;
			defaultConfigurationName = Release;
		};
		15EF21EF2166FD3800E06530 /* Build configuration list for PBXNativeTarget "ColorSketch" */ = {
			isa = XCConfigurationList;
			buildConfigurations = (
				15EF21F02166FD3800E06530 /* Debug */,
				15EF21F12166FD3800E06530 /* Release */,
			);
			defaultConfigurationIsVisible = 0;
			defaultConfigurationName = Release;
		};
/* End XCConfigurationList section */

/* Begin XCVersionGroup section */
		15EF21E42166FD3700E06530 /* ColorSketch.xcdatamodeld */ = {
			isa = XCVersionGroup;
			children = (
				15EF21E52166FD3700E06530 /* ColorSketch.xcdatamodel */,
			);
			currentVersion = 15EF21E52166FD3700E06530 /* ColorSketch.xcdatamodel */;
			path = ColorSketch.xcdatamodeld;
			sourceTree = "<group>";
			versionGroupType = wrapper.xcdatamodel;
		};
/* End XCVersionGroup section */
	};
	rootObject = 15EF21D22166FD3600E06530 /* Project object */;
}
