PODS:
  - ChromaColorPicker (1.7)

DEPENDENCIES:
  - ChromaColorPicker (~> 1.7)

SPEC REPOS:
  https://github.com/cocoapods/specs.git:
    - ChromaColorPicker

SPEC CHECKSUMS:
  ChromaColorPicker: 33efa67b17cca51dd253689d18b83ac7e05642c2

PODFILE CHECKSUM: 55d3fb68274dbdf6be5338adf4f37a9424d7fed4

COCOAPODS: 1.5.3
